PODS:
  - Alamofire (4.8.2)
  - AlamofireImage (3.5.2):
    - Alamofire (~> 4.8)
  - AnimatedCollectionViewLayout (0.6.0)
  - Cosmos (16.0.0)
  - Crashlytics (3.10.9):
    - Fabric (~> 1.7.13)
  - Fabric (1.7.13)
  - FBSDKCoreKit (5.2.1):
    - FBSDKCoreKit/Basics (= 5.2.1)
    - FBSDKCoreKit/Core (= 5.2.1)
  - FBSDKCoreKit/Basics (5.2.1)
  - FBSDKCoreKit/Core (5.2.1):
    - FBSDKCoreKit/Basics
  - FBSDKLoginKit (5.2.1):
    - FBSDKCoreKit (~> 5.0)
  - Firebase/Core (6.3.0):
    - Firebase/CoreOnly
    - FirebaseAnalytics (= 6.0.2)
  - Firebase/CoreOnly (6.3.0):
    - FirebaseCore (= 6.0.3)
  - Firebase/Messaging (6.3.0):
    - Firebase/CoreOnly
    - FirebaseMessaging (~> 4.1.0)
  - FirebaseAnalytics (6.0.2):
    - FirebaseCore (~> 6.0)
    - FirebaseInstanceID (~> 4.2)
    - GoogleAppMeasurement (= 6.0.2)
    - GoogleUtilities/AppDelegateSwizzler (~> 6.0)
    - GoogleUtilities/MethodSwizzler (~> 6.0)
    - GoogleUtilities/Network (~> 6.0)
    - "GoogleUtilities/NSData+zlib (~> 6.0)"
    - nanopb (~> 0.3)
  - FirebaseAnalyticsInterop (1.2.0)
  - FirebaseCore (6.0.3):
    - GoogleUtilities/Environment (~> 6.0)
    - GoogleUtilities/Logger (~> 6.0)
  - FirebaseInstanceID (4.2.0):
    - FirebaseCore (~> 6.0)
    - GoogleUtilities/Environment (~> 6.0)
    - GoogleUtilities/UserDefaults (~> 6.0)
  - FirebaseMessaging (4.1.0):
    - FirebaseAnalyticsInterop (~> 1.1)
    - FirebaseCore (~> 6.0)
    - FirebaseInstanceID (~> 4.1)
    - GoogleUtilities/AppDelegateSwizzler (~> 6.2)
    - GoogleUtilities/Environment (~> 6.2)
    - GoogleUtilities/Reachability (~> 6.2)
    - GoogleUtilities/UserDefaults (~> 6.2)
    - Protobuf (~> 3.1)
  - GoogleAppMeasurement (6.0.2):
    - GoogleUtilities/AppDelegateSwizzler (~> 6.0)
    - GoogleUtilities/MethodSwizzler (~> 6.0)
    - GoogleUtilities/Network (~> 6.0)
    - "GoogleUtilities/NSData+zlib (~> 6.0)"
    - nanopb (~> 0.3)
  - GoogleUtilities/AppDelegateSwizzler (6.2.1):
    - GoogleUtilities/Environment
    - GoogleUtilities/Logger
    - GoogleUtilities/Network
  - GoogleUtilities/Environment (6.2.1)
  - GoogleUtilities/Logger (6.2.1):
    - GoogleUtilities/Environment
  - GoogleUtilities/MethodSwizzler (6.2.1):
    - GoogleUtilities/Logger
  - GoogleUtilities/Network (6.2.1):
    - GoogleUtilities/Logger
    - "GoogleUtilities/NSData+zlib"
    - GoogleUtilities/Reachability
  - "GoogleUtilities/NSData+zlib (6.2.1)"
  - GoogleUtilities/Reachability (6.2.1):
    - GoogleUtilities/Logger
  - GoogleUtilities/UserDefaults (6.2.1):
    - GoogleUtilities/Logger
  - MarqueeLabel (4.0.0)
  - nanopb (0.3.901):
    - nanopb/decode (= 0.3.901)
    - nanopb/encode (= 0.3.901)
  - nanopb/decode (0.3.901)
  - nanopb/encode (0.3.901)
  - NotificationBannerSwift (2.3.0):
    - MarqueeLabel (~> 4.0.0)
    - SnapKit (~> 5.0.0)
  - Protobuf (3.8.0)
  - ReachabilitySwift (4.3.1)
  - SnapKit (5.0.0)
  - SwiftyJSON (4.3.0)
  - Swinject (2.1.1)
  - SyneriseSDK (3.5.0)

DEPENDENCIES:
  - Alamofire (~> 4.7)
  - AlamofireImage (~> 3.3)
  - AnimatedCollectionViewLayout
  - Cosmos (~> 16.0)
  - Crashlytics (~> 3.10.5)
  - FBSDKLoginKit
  - Firebase/Core
  - Firebase/Messaging
  - NotificationBannerSwift
  - ReachabilitySwift
  - SwiftyJSON (~> 4.0)
  - Swinject (~> 2.1.0)
  - SyneriseSDK
  - SyneriseSDK (~> 3.5.0)

SPEC REPOS:
  https://github.com/cocoapods/specs.git:
    - Alamofire
    - AlamofireImage
    - AnimatedCollectionViewLayout
    - Cosmos
    - Crashlytics
    - Fabric
    - FBSDKCoreKit
    - FBSDKLoginKit
    - Firebase
    - FirebaseAnalytics
    - FirebaseAnalyticsInterop
    - FirebaseCore
    - FirebaseInstanceID
    - FirebaseMessaging
    - GoogleAppMeasurement
    - GoogleUtilities
    - MarqueeLabel
    - nanopb
    - NotificationBannerSwift
    - Protobuf
    - ReachabilitySwift
    - SnapKit
    - SwiftyJSON
    - Swinject
    - SyneriseSDK

SPEC CHECKSUMS:
  Alamofire: ae5c501addb7afdbb13687d7f2f722c78734c2d3
  AlamofireImage: 63cfe3baf1370be6c498149687cf6db3e3b00999
  AnimatedCollectionViewLayout: f2c4e8dda4e3f1678ad6c0b39273a31b19bc935d
  Cosmos: 7bcee0fa858a9355a214f2a181be5dffcee42c81
  Crashlytics: 55e24fc23989680285a21cb1146578d9d18e432c
  Fabric: 25d0963b691fc97be566392243ff0ecef5a68338
  FBSDKCoreKit: e1ab8d86f5eea2d7aa6ab12acca3e1d2dcb11983
  FBSDKLoginKit: 6e20e44775ddf4b159a8ca676834325e13d12221
  Firebase: 8432d732974498afd5987e9001a05f90f1a3d625
  FirebaseAnalytics: 470ddab7253b21ad5a40bebd4a9903d7ae19386a
  FirebaseAnalyticsInterop: efbe45c8385ec626e29f9525e5ebd38520dfb6c1
  FirebaseCore: 68f8a7f50cdae542715d4e86afa37c4067217dcb
  FirebaseInstanceID: f20243a1d828e0e9a3798b995174dedc16f1b32a
  FirebaseMessaging: 0ac5310133e6ada4cdd44d42e92038855214a5e9
  GoogleAppMeasurement: a35a645835bae31b6bdc0576396bc23908f12a22
  GoogleUtilities: c7a0b08bda3bf808be823ed151f0e28ac6866e71
  MarqueeLabel: b55b26e690b6ad41faedd95cbf5eae6f1d1735b4
  nanopb: 2901f78ea1b7b4015c860c2fdd1ea2fee1a18d48
  NotificationBannerSwift: fdc44b934be7a8175f7a7170a75a11c672990e70
  Protobuf: 3f617b9a6e73605565086864c9bc26b2bf2dd5a3
  ReachabilitySwift: 4032e2f59586e11e3b0ebe15b167abdd587a388b
  SnapKit: fd22d10eb9aff484d79a8724eab922c1ddf89bcf
  SwiftyJSON: 6faa0040f8b59dead0ee07436cbf76b73c08fd08
  Swinject: afea49fd95f392b41171669f165842879c48fad6
  SyneriseSDK: 11b7a6e426ce2eb4ec9a62b9c45c96f911670a31

PODFILE CHECKSUM: d1bc572bfef857fa02066b3e7eeeafe31fdc63d1

COCOAPODS: 1.5.3
